Microsoft Visual Studio Solution File, Format Version 11.00
# Visual Studio 2008

Project("{873235C1-347C-0340-8619-604A515638B3}") = "gbjam-5-project", "Assembly-CSharp.csproj", "{B7B5AFB6-E4D7-B2B6-FC38-261A2AE86FB8}"
EndProject
Global
	GlobalSection(SolutionConfigurationPlatforms) = preSolution
		Debug|Any CPU = Debug|Any CPU
		Release|Any CPU = Release|Any CPU
	EndGlobalSection
	GlobalSection(ProjectConfigurationPlatforms) = postSolution
		{B7B5AFB6-E4D7-B2B6-FC38-261A2AE86FB8}.Debug|Any CPU.ActiveCfg = Debug|Any CPU
		{B7B5AFB6-E4D7-B2B6-FC38-261A2AE86FB8}.Debug|Any CPU.Build.0 = Debug|Any CPU
		{B7B5AFB6-E4D7-B2B6-FC38-261A2AE86FB8}.Release|Any CPU.ActiveCfg = Release|Any CPU
		{B7B5AFB6-E4D7-B2B6-FC38-261A2AE86FB8}.Release|Any CPU.Build.0 = Release|Any CPU
	EndGlobalSection
	GlobalSection(SolutionProperties) = preSolution
		HideSolutionNode = FALSE
	EndGlobalSection
	GlobalSection(MonoDevelopProperties) = preSolution
		StartupItem = Assembly-CSharp.csproj
	EndGlobalSection
EndGlobal
